
Microsoft Visual Studio Solution File, Format Version 12.00
# Visual Studio Version 17
VisualStudioVersion = 17.5.002.0
MinimumVisualStudioVersion = 10.0.40219.1
Project("{9A19103F-16F7-4668-BE54-9A1E7A4F7556}") = "MvcAppDeployment", "MvcAppDeployment.csproj", "{E855D29B-351F-44DE-8D67-A6AD764B031B}"
EndProject
Global
	GlobalSection(SolutionConfigurationPlatforms) = preSolution
		Debug|Any CPU = Debug|Any CPU
		Release|Any CPU = Release|Any CPU
	EndGlobalSection
	GlobalSection(ProjectConfigurationPlatforms) = postSolution
		{E855D29B-351F-44DE-8D67-A6AD764B031B}.Debug|Any CPU.ActiveCfg = Debug|Any CPU
		{E855D29B-351F-44DE-8D67-A6AD764B031B}.Debug|Any CPU.Build.0 = Debug|Any CPU
		{E855D29B-351F-44DE-8D67-A6AD764B031B}.Release|Any CPU.ActiveCfg = Release|Any CPU
		{E855D29B-351F-44DE-8D67-A6AD764B031B}.Release|Any CPU.Build.0 = Release|Any CPU
	EndGlobalSection
	GlobalSection(SolutionProperties) = preSolution
		HideSolutionNode = FALSE
	EndGlobalSection
	GlobalSection(ExtensibilityGlobals) = postSolution
		SolutionGuid = {7B0FDF7A-8A0B-45FA-8053-A15C7CD6662E}
	EndGlobalSection
EndGlobal
